// !$*UTF8*$!
{
	archiveVersion = 1;
	classes = {
	};
	objectVersion = 51;
	objects = {

/* Begin PBXBuildFile section */
		920E0637247C33F0006567FE /* CadastrarCartoesViewController.swift in Sources */ = {isa = PBXBuildFile; fileRef = 920E0636247C33F0006567FE /* CadastrarCartoesViewController.swift */; };
		920E063B247C5F63006567FE /* CadastrarCartaoMainViewController.swift in Sources */ = {isa = PBXBuildFile; fileRef = 920E063A247C5F63006567FE /* CadastrarCartaoMainViewController.swift */; };
		921C9F6C247AB3840067EC31 /* ContatosTableView.swift in Sources */ = {isa = PBXBuildFile; fileRef = 921C9F6B247AB3840067EC31 /* ContatosTableView.swift */; };
		921C9F6E247AB3AD0067EC31 /* CustomViewCell.swift in Sources */ = {isa = PBXBuildFile; fileRef = 921C9F6D247AB3AD0067EC31 /* CustomViewCell.swift */; };
		921C9F70247AB5590067EC31 /* receivedJson.swift in Sources */ = {isa = PBXBuildFile; fileRef = 921C9F6F247AB5590067EC31 /* receivedJson.swift */; };
		921CDCFD247ADC7300707C0B /* ApiController.swift in Sources */ = {isa = PBXBuildFile; fileRef = 921CDCFC247ADC7300707C0B /* ApiController.swift */; };
		921CDCFF247ADE2A00707C0B /* Contatos.swift in Sources */ = {isa = PBXBuildFile; fileRef = 921CDCFE247ADE2A00707C0B /* Contatos.swift */; };
		921E35A3247AB1D700B82968 /* AppDelegate.swift in Sources */ = {isa = PBXBuildFile; fileRef = 921E35A2247AB1D700B82968 /* AppDelegate.swift */; };
		921E35A5247AB1D700B82968 /* SceneDelegate.swift in Sources */ = {isa = PBXBuildFile; fileRef = 921E35A4247AB1D700B82968 /* SceneDelegate.swift */; };
		921E35AA247AB1D700B82968 /* Main.storyboard in Resources */ = {isa = PBXBuildFile; fileRef = 921E35A8247AB1D700B82968 /* Main.storyboard */; };
		921E35AD247AB1D700B82968 /* Desafio_PicPay.xcdatamodeld in Sources */ = {isa = PBXBuildFile; fileRef = 921E35AB247AB1D700B82968 /* Desafio_PicPay.xcdatamodeld */; };
		921E35AF247AB1D900B82968 /* Assets.xcassets in Resources */ = {isa = PBXBuildFile; fileRef = 921E35AE247AB1D900B82968 /* Assets.xcassets */; };
		921E35B2247AB1D900B82968 /* LaunchScreen.storyboard in Resources */ = {isa = PBXBuildFile; fileRef = 921E35B0247AB1D900B82968 /* LaunchScreen.storyboard */; };
		FDF1207A3443643BD4428273 /* Pods_Desafio_PicPay.framework in Frameworks */ = {isa = PBXBuildFile; fileRef = F2CC9397048B85FA856B05F1 /* Pods_Desafio_PicPay.framework */; };
/* End PBXBuildFile section */

/* Begin PBXFileReference section */
		53B30138B4B756228904F123 /* Pods-Desafio_PicPay.debug.xcconfig */ = {isa = PBXFileReference; includeInIndex = 1; lastKnownFileType = text.xcconfig; name = "Pods-Desafio_PicPay.debug.xcconfig"; path = "Target Support Files/Pods-Desafio_PicPay/Pods-Desafio_PicPay.debug.xcconfig"; sourceTree = "<group>"; };
		5F83A8CA2AB01AD47F608E0C /* Pods-Desafio_PicPay.release.xcconfig */ = {isa = PBXFileReference; includeInIndex = 1; lastKnownFileType = text.xcconfig; name = "Pods-Desafio_PicPay.release.xcconfig"; path = "Target Support Files/Pods-Desafio_PicPay/Pods-Desafio_PicPay.release.xcconfig"; sourceTree = "<group>"; };
		920E0636247C33F0006567FE /* CadastrarCartoesViewController.swift */ = {isa = PBXFileReference; lastKnownFileType = sourcecode.swift; path = CadastrarCartoesViewController.swift; sourceTree = "<group>"; };
		920E063A247C5F63006567FE /* CadastrarCartaoMainViewController.swift */ = {isa = PBXFileReference; lastKnownFileType = sourcecode.swift; name = CadastrarCartaoMainViewController.swift; path = "/Users/denis/Documents/Swift Projects/Desafio_PicPay/Desafio_PicPay/View/CadastrarCartaoMainViewController.swift"; sourceTree = "<absolute>"; };
		921C9F6B247AB3840067EC31 /* ContatosTableView.swift */ = {isa = PBXFileReference; lastKnownFileType = sourcecode.swift; path = ContatosTableView.swift; sourceTree = "<group>"; };
		921C9F6D247AB3AD0067EC31 /* CustomViewCell.swift */ = {isa = PBXFileReference; lastKnownFileType = sourcecode.swift; path = CustomViewCell.swift; sourceTree = "<group>"; };
		921C9F6F247AB5590067EC31 /* receivedJson.swift */ = {isa = PBXFileReference; lastKnownFileType = sourcecode.swift; path = receivedJson.swift; sourceTree = "<group>"; };
		921CDCFC247ADC7300707C0B /* ApiController.swift */ = {isa = PBXFileReference; lastKnownFileType = sourcecode.swift; path = ApiController.swift; sourceTree = "<group>"; };
		921CDCFE247ADE2A00707C0B /* Contatos.swift */ = {isa = PBXFileReference; lastKnownFileType = sourcecode.swift; path = Contatos.swift; sourceTree = "<group>"; };
		921E359F247AB1D600B82968 /* Desafio_PicPay.app */ = {isa = PBXFileReference; explicitFileType = wrapper.application; includeInIndex = 0; path = Desafio_PicPay.app; sourceTree = BUILT_PRODUCTS_DIR; };
		921E35A2247AB1D700B82968 /* AppDelegate.swift */ = {isa = PBXFileReference; lastKnownFileType = sourcecode.swift; path = AppDelegate.swift; sourceTree = "<group>"; };
		921E35A4247AB1D700B82968 /* SceneDelegate.swift */ = {isa = PBXFileReference; lastKnownFileType = sourcecode.swift; path = SceneDelegate.swift; sourceTree = "<group>"; };
		921E35A9247AB1D700B82968 /* Base */ = {isa = PBXFileReference; lastKnownFileType = file.storyboard; name = Base; path = Base.lproj/Main.storyboard; sourceTree = "<group>"; };
		921E35AC247AB1D700B82968 /* Desafio_PicPay.xcdatamodel */ = {isa = PBXFileReference; lastKnownFileType = wrapper.xcdatamodel; path = Desafio_PicPay.xcdatamodel; sourceTree = "<group>"; };
		921E35AE247AB1D900B82968 /* Assets.xcassets */ = {isa = PBXFileReference; lastKnownFileType = folder.assetcatalog; path = Assets.xcassets; sourceTree = "<group>"; };
		921E35B1247AB1D900B82968 /* Base */ = {isa = PBXFileReference; lastKnownFileType = file.storyboard; name = Base; path = Base.lproj/LaunchScreen.storyboard; sourceTree = "<group>"; };
		921E35B3247AB1D900B82968 /* Info.plist */ = {isa = PBXFileReference; lastKnownFileType = text.plist.xml; path = Info.plist; sourceTree = "<group>"; };
		F2CC9397048B85FA856B05F1 /* Pods_Desafio_PicPay.framework */ = {isa = PBXFileReference; explicitFileType = wrapper.framework; includeInIndex = 0; path = Pods_Desafio_PicPay.framework; sourceTree = BUILT_PRODUCTS_DIR; };
/* End PBXFileReference section */

/* Begin PBXFrameworksBuildPhase section */
		921E359C247AB1D600B82968 /* Frameworks */ = {
			isa = PBXFrameworksBuildPhase;
			buildActionMask = 2147483647;
			files = (
				FDF1207A3443643BD4428273 /* Pods_Desafio_PicPay.framework in Frameworks */,
			);
			runOnlyForDeploymentPostprocessing = 0;
		};
/* End PBXFrameworksBuildPhase section */

/* Begin PBXGroup section */
		921C9F67247AB28D0067EC31 /* Model */ = {
			isa = PBXGroup;
			children = (
				921C9F6F247AB5590067EC31 /* receivedJson.swift */,
				921CDCFE247ADE2A00707C0B /* Contatos.swift */,
			);
			path = Model;
			sourceTree = "<group>";
		};
		921C9F68247AB2940067EC31 /* View */ = {
			isa = PBXGroup;
			children = (
				921C9F6B247AB3840067EC31 /* ContatosTableView.swift */,
				921C9F6D247AB3AD0067EC31 /* CustomViewCell.swift */,
				920E063A247C5F63006567FE /* CadastrarCartaoMainViewController.swift */,
				920E0636247C33F0006567FE /* CadastrarCartoesViewController.swift */,
			);
			path = View;
			sourceTree = "<group>";
		};
		921C9F6A247AB2A40067EC31 /* Controller */ = {
			isa = PBXGroup;
			children = (
				921CDCFC247ADC7300707C0B /* ApiController.swift */,
			);
			path = Controller;
			sourceTree = "<group>";
		};
		921E3596247AB1D600B82968 = {
			isa = PBXGroup;
			children = (
				921E35A1247AB1D600B82968 /* Desafio_PicPay */,
				921E35A0247AB1D600B82968 /* Products */,
				F2F3394B7661A39B4E435561 /* Pods */,
				A969D8B343B5C32A11612001 /* Frameworks */,
			);
			sourceTree = "<group>";
		};
		921E35A0247AB1D600B82968 /* Products */ = {
			isa = PBXGroup;
			children = (
				921E359F247AB1D600B82968 /* Desafio_PicPay.app */,
			);
			name = Products;
			sourceTree = "<group>";
		};
		921E35A1247AB1D600B82968 /* Desafio_PicPay */ = {
			isa = PBXGroup;
			children = (
				921C9F67247AB28D0067EC31 /* Model */,
				921C9F68247AB2940067EC31 /* View */,
				921C9F6A247AB2A40067EC31 /* Controller */,
				921E35A2247AB1D700B82968 /* AppDelegate.swift */,
				921E35A4247AB1D700B82968 /* SceneDelegate.swift */,
				921E35A8247AB1D700B82968 /* Main.storyboard */,
				921E35AE247AB1D900B82968 /* Assets.xcassets */,
				921E35B0247AB1D900B82968 /* LaunchScreen.storyboard */,
				921E35B3247AB1D900B82968 /* Info.plist */,
				921E35AB247AB1D700B82968 /* Desafio_PicPay.xcdatamodeld */,
			);
			path = Desafio_PicPay;
			sourceTree = "<group>";
		};
		A969D8B343B5C32A11612001 /* Frameworks */ = {
			isa = PBXGroup;
			children = (
				F2CC9397048B85FA856B05F1 /* Pods_Desafio_PicPay.framework */,
			);
			name = Frameworks;
			sourceTree = "<group>";
		};
		F2F3394B7661A39B4E435561 /* Pods */ = {
			isa = PBXGroup;
			children = (
				53B30138B4B756228904F123 /* Pods-Desafio_PicPay.debug.xcconfig */,
				5F83A8CA2AB01AD47F608E0C /* Pods-Desafio_PicPay.release.xcconfig */,
			);
			path = Pods;
			sourceTree = "<group>";
		};
/* End PBXGroup section */

/* Begin PBXNativeTarget section */
		921E359E247AB1D600B82968 /* Desafio_PicPay */ = {
			isa = PBXNativeTarget;
			buildConfigurationList = 921E35B6247AB1D900B82968 /* Build configuration list for PBXNativeTarget "Desafio_PicPay" */;
			buildPhases = (
				31DD18002F3352BE12164F6A /* [CP] Check Pods Manifest.lock */,
				921E359B247AB1D600B82968 /* Sources */,
				921E359C247AB1D600B82968 /* Frameworks */,
				921E359D247AB1D600B82968 /* Resources */,
				D9633E4C04F26C4C59DFA552 /* [CP] Embed Pods Frameworks */,
			);
			buildRules = (
			);
			dependencies = (
			);
			name = Desafio_PicPay;
			productName = Desafio_PicPay;
			productReference = 921E359F247AB1D600B82968 /* Desafio_PicPay.app */;
			productType = "com.apple.product-type.application";
		};
/* End PBXNativeTarget section */

/* Begin PBXProject section */
		921E3597247AB1D600B82968 /* Project object */ = {
			isa = PBXProject;
			attributes = {
				LastSwiftUpdateCheck = 1140;
				LastUpgradeCheck = 1140;
				ORGANIZATIONNAME = "Denis Janoto";
				TargetAttributes = {
					921E359E247AB1D600B82968 = {
						CreatedOnToolsVersion = 11.4.1;
					};
				};
			};
			buildConfigurationList = 921E359A247AB1D600B82968 /* Build configuration list for PBXProject "Desafio_PicPay" */;
			compatibilityVersion = "Xcode 9.3";
			developmentRegion = en;
			hasScannedForEncodings = 0;
			knownRegions = (
				en,
				Base,
			);
			mainGroup = 921E3596247AB1D600B82968;
			productRefGroup = 921E35A0247AB1D600B82968 /* Products */;
			projectDirPath = "";
			projectRoot = "";
			targets = (
				921E359E247AB1D600B82968 /* Desafio_PicPay */,
			);
		};
/* End PBXProject section */

/* Begin PBXResourcesBuildPhase section */
		921E359D247AB1D600B82968 /* Resources */ = {
			isa = PBXResourcesBuildPhase;
			buildActionMask = 2147483647;
			files = (
				921E35B2247AB1D900B82968 /* LaunchScreen.storyboard in Resources */,
				921E35AF247AB1D900B82968 /* Assets.xcassets in Resources */,
				921E35AA247AB1D700B82968 /* Main.storyboard in Resources */,
			);
			runOnlyForDeploymentPostprocessing = 0;
		};
/* End PBXResourcesBuildPhase section */

/* Begin PBXShellScriptBuildPhase section */
		31DD18002F3352BE12164F6A /* [CP] Check Pods Manifest.lock */ = {
			isa = PBXShellScriptBuildPhase;
			buildActionMask = 2147483647;
			files = (
			);
			inputFileListPaths = (
			);
			inputPaths = (
				"${PODS_PODFILE_DIR_PATH}/Podfile.lock",
				"${PODS_ROOT}/Manifest.lock",
			);
			name = "[CP] Check Pods Manifest.lock";
			outputFileListPaths = (
			);
			outputPaths = (
				"$(DERIVED_FILE_DIR)/Pods-Desafio_PicPay-checkManifestLockResult.txt",
			);
			runOnlyForDeploymentPostprocessing = 0;
			shellPath = /bin/sh;
			shellScript = "diff \"${PODS_PODFILE_DIR_PATH}/Podfile.lock\" \"${PODS_ROOT}/Manifest.lock\" > /dev/null\nif [ $? != 0 ] ; then\n    # print error to STDERR\n    echo \"error: The sandbox is not in sync with the Podfile.lock. Run 'pod install' or update your CocoaPods installation.\" >&2\n    exit 1\nfi\n# This output is used by Xcode 'outputs' to avoid re-running this script phase.\necho \"SUCCESS\" > \"${SCRIPT_OUTPUT_FILE_0}\"\n";
			showEnvVarsInLog = 0;
		};
		D9633E4C04F26C4C59DFA552 /* [CP] Embed Pods Frameworks */ = {
			isa = PBXShellScriptBuildPhase;
			buildActionMask = 2147483647;
			files = (
			);
			inputFileListPaths = (
				"${PODS_ROOT}/Target Support Files/Pods-Desafio_PicPay/Pods-Desafio_PicPay-frameworks-${CONFIGURATION}-input-files.xcfilelist",
			);
			name = "[CP] Embed Pods Frameworks";
			outputFileListPaths = (
				"${PODS_ROOT}/Target Support Files/Pods-Desafio_PicPay/Pods-Desafio_PicPay-frameworks-${CONFIGURATION}-output-files.xcfilelist",
			);
			runOnlyForDeploymentPostprocessing = 0;
			shellPath = /bin/sh;
			shellScript = "\"${PODS_ROOT}/Target Support Files/Pods-Desafio_PicPay/Pods-Desafio_PicPay-frameworks.sh\"\n";
			showEnvVarsInLog = 0;
		};
/* End PBXShellScriptBuildPhase section */

/* Begin PBXSourcesBuildPhase section */
		921E359B247AB1D600B82968 /* Sources */ = {
			isa = PBXSourcesBuildPhase;
			buildActionMask = 2147483647;
			files = (
				920E0637247C33F0006567FE /* CadastrarCartoesViewController.swift in Sources */,
				920E063B247C5F63006567FE /* CadastrarCartaoMainViewController.swift in Sources */,
				921C9F6C247AB3840067EC31 /* ContatosTableView.swift in Sources */,
				921C9F6E247AB3AD0067EC31 /* CustomViewCell.swift in Sources */,
				921CDCFD247ADC7300707C0B /* ApiController.swift in Sources */,
				921C9F70247AB5590067EC31 /* receivedJson.swift in Sources */,
				921CDCFF247ADE2A00707C0B /* Contatos.swift in Sources */,
				921E35A3247AB1D700B82968 /* AppDelegate.swift in Sources */,
				921E35A5247AB1D700B82968 /* SceneDelegate.swift in Sources */,
				921E35AD247AB1D700B82968 /* Desafio_PicPay.xcdatamodeld in Sources */,
			);
			runOnlyForDeploymentPostprocessing = 0;
		};
/* End PBXSourcesBuildPhase section */

/* Begin PBXVariantGroup section */
		921E35A8247AB1D700B82968 /* Main.storyboard */ = {
			isa = PBXVariantGroup;
			children = (
				921E35A9247AB1D700B82968 /* Base */,
			);
			name = Main.storyboard;
			sourceTree = "<group>";
		};
		921E35B0247AB1D900B82968 /* LaunchScreen.storyboard */ = {
			isa = PBXVariantGroup;
			children = (
				921E35B1247AB1D900B82968 /* Base */,
			);
			name = LaunchScreen.storyboard;
			sourceTree = "<group>";
		};
/* End PBXVariantGroup section */

/* Begin XCBuildConfiguration section */
		921E35B4247AB1D900B82968 /* Debug */ = {
			isa = XCBuildConfiguration;
			buildSettings = {
				ALWAYS_SEARCH_USER_PATHS = NO;
				CLANG_ANALYZER_NONNULL = YES;
				CLANG_ANALYZER_NUMBER_OBJECT_CONVERSION = YES_AGGRESSIVE;
				CLANG_CXX_LANGUAGE_STANDARD = "gnu++14";
				CLANG_CXX_LIBRARY = "libc++";
				CLANG_ENABLE_MODULES = YES;
				CLANG_ENABLE_OBJC_ARC = YES;
				CLANG_ENABLE_OBJC_WEAK = YES;
				CLANG_WARN_BLOCK_CAPTURE_AUTORELEASING = YES;
				CLANG_WARN_BOOL_CONVERSION = YES;
				CLANG_WARN_COMMA = YES;
				CLANG_WARN_CONSTANT_CONVERSION = YES;
				CLANG_WARN_DEPRECATED_OBJC_IMPLEMENTATIONS = YES;
				CLANG_WARN_DIRECT_OBJC_ISA_USAGE = YES_ERROR;
				CLANG_WARN_DOCUMENTATION_COMMENTS = YES;
				CLANG_WARN_EMPTY_BODY = YES;
				CLANG_WARN_ENUM_CONVERSION = YES;
				CLANG_WARN_INFINITE_RECURSION = YES;
				CLANG_WARN_INT_CONVERSION = YES;
				CLANG_WARN_NON_LITERAL_NULL_CONVERSION = YES;
				CLANG_WARN_OBJC_IMPLICIT_RETAIN_SELF = YES;
				CLANG_WARN_OBJC_LITERAL_CONVERSION = YES;
				CLANG_WARN_OBJC_ROOT_CLASS = YES_ERROR;
				CLANG_WARN_RANGE_LOOP_ANALYSIS = YES;
				CLANG_WARN_STRICT_PROTOTYPES = YES;
				CLANG_WARN_SUSPICIOUS_MOVE = YES;
				CLANG_WARN_UNGUARDED_AVAILABILITY = YES_AGGRESSIVE;
				CLANG_WARN_UNREACHABLE_CODE = YES;
				CLANG_WARN__DUPLICATE_METHOD_MATCH = YES;
				COPY_PHASE_STRIP = NO;
				DEBUG_INFORMATION_FORMAT = dwarf;
				ENABLE_STRICT_OBJC_MSGSEND = YES;
				ENABLE_TESTABILITY = YES;
				GCC_C_LANGUAGE_STANDARD = gnu11;
				GCC_DYNAMIC_NO_PIC = NO;
				GCC_NO_COMMON_BLOCKS = YES;
				GCC_OPTIMIZATION_LEVEL = 0;
				GCC_PREPROCESSOR_DEFINITIONS = (
					"DEBUG=1",
					"$(inherited)",
				);
				GCC_WARN_64_TO_32_BIT_CONVERSION = YES;
				GCC_WARN_ABOUT_RETURN_TYPE = YES_ERROR;
				GCC_WARN_UNDECLARED_SELECTOR = YES;
				GCC_WARN_UNINITIALIZED_AUTOS = YES_AGGRESSIVE;
				GCC_WARN_UNUSED_FUNCTION = YES;
				GCC_WARN_UNUSED_VARIABLE = YES;
				IPHONEOS_DEPLOYMENT_TARGET = 13.4;
				MTL_ENABLE_DEBUG_INFO = INCLUDE_SOURCE;
				MTL_FAST_MATH = YES;
				ONLY_ACTIVE_ARCH = YES;
				SDKROOT = iphoneos;
				SWIFT_ACTIVE_COMPILATION_CONDITIONS = DEBUG;
				SWIFT_OPTIMIZATION_LEVEL = "-Onone";
			};
			name = Debug;
		};
		921E35B5247AB1D900B82968 /* Release */ = {
			isa = XCBuildConfiguration;
			buildSettings = {
				ALWAYS_SEARCH_USER_PATHS = NO;
				CLANG_ANALYZER_NONNULL = YES;
				CLANG_ANALYZER_NUMBER_OBJECT_CONVERSION = YES_AGGRESSIVE;
				CLANG_CXX_LANGUAGE_STANDARD = "gnu++14";
				CLANG_CXX_LIBRARY = "libc++";
				CLANG_ENABLE_MODULES = YES;
				CLANG_ENABLE_OBJC_ARC = YES;
				CLANG_ENABLE_OBJC_WEAK = YES;
				CLANG_WARN_BLOCK_CAPTURE_AUTORELEASING = YES;
				CLANG_WARN_BOOL_CONVERSION = YES;
				CLANG_WARN_COMMA = YES;
				CLANG_WARN_CONSTANT_CONVERSION = YES;
				CLANG_WARN_DEPRECATED_OBJC_IMPLEMENTATIONS = YES;
				CLANG_WARN_DIRECT_OBJC_ISA_USAGE = YES_ERROR;
				CLANG_WARN_DOCUMENTATION_COMMENTS = YES;
				CLANG_WARN_EMPTY_BODY = YES;
				CLANG_WARN_ENUM_CONVERSION = YES;
				CLANG_WARN_INFINITE_RECURSION = YES;
				CLANG_WARN_INT_CONVERSION = YES;
				CLANG_WARN_NON_LITERAL_NULL_CONVERSION = YES;
				CLANG_WARN_OBJC_IMPLICIT_RETAIN_SELF = YES;
				CLANG_WARN_OBJC_LITERAL_CONVERSION = YES;
				CLANG_WARN_OBJC_ROOT_CLASS = YES_ERROR;
				CLANG_WARN_RANGE_LOOP_ANALYSIS = YES;
				CLANG_WARN_STRICT_PROTOTYPES = YES;
				CLANG_WARN_SUSPICIOUS_MOVE = YES;
				CLANG_WARN_UNGUARDED_AVAILABILITY = YES_AGGRESSIVE;
				CLANG_WARN_UNREACHABLE_CODE = YES;
				CLANG_WARN__DUPLICATE_METHOD_MATCH = YES;
				COPY_PHASE_STRIP = NO;
				DEBUG_INFORMATION_FORMAT = "dwarf-with-dsym";
				ENABLE_NS_ASSERTIONS = NO;
				ENABLE_STRICT_OBJC_MSGSEND = YES;
				GCC_C_LANGUAGE_STANDARD = gnu11;
				GCC_NO_COMMON_BLOCKS = YES;
				GCC_WARN_64_TO_32_BIT_CONVERSION = YES;
				GCC_WARN_ABOUT_RETURN_TYPE = YES_ERROR;
				GCC_WARN_UNDECLARED_SELECTOR = YES;
				GCC_WARN_UNINITIALIZED_AUTOS = YES_AGGRESSIVE;
				GCC_WARN_UNUSED_FUNCTION = YES;
				GCC_WARN_UNUSED_VARIABLE = YES;
				IPHONEOS_DEPLOYMENT_TARGET = 13.4;
				MTL_ENABLE_DEBUG_INFO = NO;
				MTL_FAST_MATH = YES;
				SDKROOT = iphoneos;
				SWIFT_COMPILATION_MODE = wholemodule;
				SWIFT_OPTIMIZATION_LEVEL = "-O";
				VALIDATE_PRODUCT = YES;
			};
			name = Release;
		};
		921E35B7247AB1D900B82968 /* Debug */ = {
			isa = XCBuildConfiguration;
			baseConfigurationReference = 53B30138B4B756228904F123 /* Pods-Desafio_PicPay.debug.xcconfig */;
			buildSettings = {
				ASSETCATALOG_COMPILER_APPICON_NAME = AppIcon;
				CODE_SIGN_STYLE = Automatic;
				DEVELOPMENT_TEAM = K34LZEZG4X;
				INFOPLIST_FILE = Desafio_PicPay/Info.plist;
				LD_RUNPATH_SEARCH_PATHS = (
					"$(inherited)",
					"@executable_path/Frameworks",
				);
				PRODUCT_BUNDLE_IDENTIFIER = "br.com.Desafio-PicPay";
				PRODUCT_NAME = "$(TARGET_NAME)";
				SWIFT_VERSION = 5.0;
				TARGETED_DEVICE_FAMILY = 1;
			};
			name = Debug;
		};
		921E35B8247AB1D900B82968 /* Release */ = {
			isa = XCBuildConfiguration;
			baseConfigurationReference = 5F83A8CA2AB01AD47F608E0C /* Pods-Desafio_PicPay.release.xcconfig */;
			buildSettings = {
				ASSETCATALOG_COMPILER_APPICON_NAME = AppIcon;
				CODE_SIGN_STYLE = Automatic;
				DEVELOPMENT_TEAM = K34LZEZG4X;
				INFOPLIST_FILE = Desafio_PicPay/Info.plist;
				LD_RUNPATH_SEARCH_PATHS = (
					"$(inherited)",
					"@executable_path/Frameworks",
				);
				PRODUCT_BUNDLE_IDENTIFIER = "br.com.Desafio-PicPay";
				PRODUCT_NAME = "$(TARGET_NAME)";
				SWIFT_VERSION = 5.0;
				TARGETED_DEVICE_FAMILY = 1;
			};
			name = Release;
		};
/* End XCBuildConfiguration section */

/* Begin XCConfigurationList section */
		921E359A247AB1D600B82968 /* Build configuration list for PBXProject "Desafio_PicPay" */ = {
			isa = XCConfigurationList;
			buildConfigurations = (
				921E35B4247AB1D900B82968 /* Debug */,
				921E35B5247AB1D900B82968 /* Release */,
			);
			defaultConfigurationIsVisible = 0;
			defaultConfigurationName = Release;
		};
		921E35B6247AB1D900B82968 /* Build configuration list for PBXNativeTarget "Desafio_PicPay" */ = {
			isa = XCConfigurationList;
			buildConfigurations = (
				921E35B7247AB1D900B82968 /* Debug */,
				921E35B8247AB1D900B82968 /* Release */,
			);
			defaultConfigurationIsVisible = 0;
			defaultConfigurationName = Release;
		};
/* End XCConfigurationList section */

/* Begin XCVersionGroup section */
		921E35AB247AB1D700B82968 /* Desafio_PicPay.xcdatamodeld */ = {
			isa = XCVersionGroup;
			children = (
				921E35AC247AB1D700B82968 /* Desafio_PicPay.xcdatamodel */,
			);
			currentVersion = 921E35AC247AB1D700B82968 /* Desafio_PicPay.xcdatamodel */;
			path = Desafio_PicPay.xcdatamodeld;
			sourceTree = "<group>";
			versionGroupType = wrapper.xcdatamodel;
		};
/* End XCVersionGroup section */
	};
	rootObject = 921E3597247AB1D600B82968 /* Project object */;
}
